Microsoft Visual Studio Solution File, Format Version 12.00
# Visual Studio Version 17
VisualStudioVersion = 17.5.2.0
MinimumVisualStudioVersion = 10.0.40219.1
Project("{FAE04EC0-301F-11D3-BF4B-00C04F79EFBC}") = "THYNK", "THYNK.csproj", "{62B60F3E-C0D7-F457-9BA3-5DB5D192EF38}"
EndProject
Global
	GlobalSection(SolutionConfigurationPlatforms) = preSolution
		Debug|Any CPU = Debug|Any CPU
		Release|Any CPU = Release|Any CPU
	EndGlobalSection
	GlobalSection(ProjectConfigurationPlatforms) = postSolution
		{62B60F3E-C0D7-F457-9BA3-5DB5D192EF38}.Debug|Any CPU.ActiveCfg = Debug|Any CPU
		{62B60F3E-C0D7-F457-9BA3-5DB5D192EF38}.Debug|Any CPU.Build.0 = Debug|Any CPU
		{62B60F3E-C0D7-F457-9BA3-5DB5D192EF38}.Release|Any CPU.ActiveCfg = Release|Any CPU
		{62B60F3E-C0D7-F457-9BA3-5DB5D192EF38}.Release|Any CPU.Build.0 = Release|Any CPU
	EndGlobalSection
	GlobalSection(SolutionProperties) = preSolution
		HideSolutionNode = FALSE
	EndGlobalSection
	GlobalSection(ExtensibilityGlobals) = postSolution
		SolutionGuid = {6FDFB00B-6A80-4959-9645-BB1AC6D15060}
	EndGlobalSection
EndGlobal
